
Microsoft Visual Studio Solution File, Format Version 12.00
# Visual Studio Version 17
VisualStudioVersion = 17.0.32126.317
MinimumVisualStudioVersion = 10.0.40219.1
Project("{FAE04EC0-301F-11D3-BF4B-00C04F79EFBC}") = "vize final odevi deneme2", "vize final odevi deneme2\vize final odevi deneme2.csproj", "{8D60E1DD-78F8-42B4-894D-B225F653C138}"
EndProject
Global
	GlobalSection(SolutionConfigurationPlatforms) = preSolution
		Debug|Any CPU = Debug|Any CPU
		Release|Any CPU = Release|Any CPU
	EndGlobalSection
	GlobalSection(ProjectConfigurationPlatforms) = postSolution
		{8D60E1DD-78F8-42B4-894D-B225F653C138}.Debug|Any CPU.ActiveCfg = Debug|Any CPU
		{8D60E1DD-78F8-42B4-894D-B225F653C138}.Debug|Any CPU.Build.0 = Debug|Any CPU
		{8D60E1DD-78F8-42B4-894D-B225F653C138}.Release|Any CPU.ActiveCfg = Release|Any CPU
		{8D60E1DD-78F8-42B4-894D-B225F653C138}.Release|Any CPU.Build.0 = Release|Any CPU
	EndGlobalSection
	GlobalSection(SolutionProperties) = preSolution
		HideSolutionNode = FALSE
	EndGlobalSection
	GlobalSection(ExtensibilityGlobals) = postSolution
		SolutionGuid = {48D00A29-7BC1-484D-9A20-C26C5372C357}
	EndGlobalSection
EndGlobal
